{
  "name": "tss-ex3",
  "version": "1.0.0",
  "lockfileVersion": 3,
  "requires": true,
  "packages": {
    "": {
      "name": "tss-ex3",
      "version": "1.0.0",
      "license": "ISC",
      "dependencies": {
        "task-script-support": "../../dist"
      }
    },
    "../../dist": {},
    "node_modules/task-script-support": {
      "resolved": "../../dist",
      "link": true
    }
  }
}
